{
  "name": "simple-map-project",
  "version": "1.0.0",
  "lockfileVersion": 3,
  "requires": true,
  "packages": {
    "": {
      "name": "simple-map-project",
      "version": "1.0.0",
      "license": "ISC",
      "dependencies": {
        "@faker-js/faker": "^7.6.0",
        "@types/google.maps": "^3.52.3",
        "dotenv": "^16.0.3"
      },
      "devDependencies": {
        "@types/node": "^18.15.5",
        "os-browserify": "^0.3.0",
        "path-browserify": "^1.0.1",
        "process": "^0.11.10"
      }
    },
    "node_modules/@faker-js/faker": {
      "version": "7.6.0",
      "resolved": "https://registry.npmjs.org/@faker-js/faker/-/faker-7.6.0.tgz",
      "integrity": "sha512-XK6BTq1NDMo9Xqw/YkYyGjSsg44fbNwYRx7QK2CuoQgyy+f1rrTDHoExVM5PsyXCtfl2vs2vVJ0MN0yN6LppRw==",
      "engines": {
        "node": ">=14.0.0",
        "npm": ">=6.0.0"
      }
    },
    "node_modules/@types/google.maps": {
      "version": "3.52.3",
      "resolved": "https://registry.npmjs.org/@types/google.maps/-/google.maps-3.52.3.tgz",
      "integrity": "sha512-2bIhomvQF3+R/ahhhIsL95mPXEpvOY53wojcXAZSrFylYQuAT6owtmJRDGpSz3SL1PQAVDJ6MYLbH59cLDx7VQ=="
    },
    "node_modules/@types/node": {
      "version": "18.15.5",
      "resolved": "https://registry.npmjs.org/@types/node/-/node-18.15.5.tgz",
      "integrity": "sha512-Ark2WDjjZO7GmvsyFFf81MXuGTA/d6oP38anyxWOL6EREyBKAxKoFHwBhaZxCfLRLpO8JgVXwqOwSwa7jRcjew==",
      "dev": true
    },
    "node_modules/dotenv": {
      "version": "16.0.3",
      "resolved": "https://registry.npmjs.org/dotenv/-/dotenv-16.0.3.tgz",
      "integrity": "sha512-7GO6HghkA5fYG9TYnNxi14/7K9f5occMlp3zXAuSxn7CKCxt9xbNWG7yF8hTCSUchlfWSe3uLmlPfigevRItzQ==",
      "engines": {
        "node": ">=12"
      }
    },
    "node_modules/os-browserify": {
      "version": "0.3.0",
      "resolved": "https://registry.npmjs.org/os-browserify/-/os-browserify-0.3.0.tgz",
      "integrity": "sha512-gjcpUc3clBf9+210TRaDWbf+rZZZEshZ+DlXMRCeAjp0xhTrnQsKHypIy1J3d5hKdUzj69t708EHtU8P6bUn0A==",
      "dev": true
    },
    "node_modules/path-browserify": {
      "version": "1.0.1",
      "resolved": "https://registry.npmjs.org/path-browserify/-/path-browserify-1.0.1.tgz",
      "integrity": "sha512-b7uo2UCUOYZcnF/3ID0lulOJi/bafxa1xPe7ZPsammBSpjSWQkjNxlt635YGS2MiR9GjvuXCtz2emr3jbsz98g==",
      "dev": true
    },
    "node_modules/process": {
      "version": "0.11.10",
      "resolved": "https://registry.npmjs.org/process/-/process-0.11.10.tgz",
      "integrity": "sha512-cdGef/drWFoydD1JsMzuFf8100nZl+GT+yacc2bEced5f9Rjk4z+WtFUTBu9PhOi9j/jfmBPu0mMEY4wIdAF8A==",
      "dev": true,
      "engines": {
        "node": ">= 0.6.0"
      }
    }
  }
}
